// !$*UTF8*$!
{
	archiveVersion = 1;
	classes = {
	};
	objectVersion = 46;
	objects = {

/* Begin PBXBuildFile section */
		92B3C8D41ABADEAE005EA81A /* main.cpp in Sources */ = {isa = PBXBuildFile; fileRef = 92B3C8D31ABADEAE005EA81A /* main.cpp */; };
		92E4A79D1AC352A40052AB7F /* image.cpp in Sources */ = {isa = PBXBuildFile; fileRef = 92E4A79C1AC352A40052AB7F /* image.cpp */; };
		92E4A7A21AC515670052AB7F /* ONB.cpp in Sources */ = {isa = PBXBuildFile; fileRef = 92E4A7A01AC515670052AB7F /* ONB.cpp */; };
/* End PBXBuildFile section */

/* Begin PBXCopyFilesBuildPhase section */
		92B3C8CE1ABADEAE005EA81A /* CopyFiles */ = {
			isa = PBXCopyFilesBuildPhase;
			buildActionMask = 2147483647;
			dstPath = /usr/share/man/man1/;
			dstSubfolderSpec = 0;
			files = (
			);
			runOnlyForDeploymentPostprocessing = 1;
		};
/* End PBXCopyFilesBuildPhase section */

/* Begin PBXFileReference section */
		92B3C8D01ABADEAE005EA81A /* MFSRT */ = {isa = PBXFileReference; explicitFileType = "compiled.mach-o.executable"; includeInIndex = 0; path = MFSRT; sourceTree = BUILT_PRODUCTS_DIR; };
		92B3C8D31ABADEAE005EA81A /* main.cpp */ = {isa = PBXFileReference; lastKnownFileType = sourcecode.cpp.cpp; path = main.cpp; sourceTree = "<group>"; };
		92E4A79A1AC235DD0052AB7F /* rgb.h */ = {isa = PBXFileReference; lastKnownFileType = sourcecode.c.h; path = rgb.h; sourceTree = "<group>"; };
		92E4A79B1AC3522E0052AB7F /* image.h */ = {isa = PBXFileReference; lastKnownFileType = sourcecode.c.h; path = image.h; sourceTree = "<group>"; };
		92E4A79C1AC352A40052AB7F /* image.cpp */ = {isa = PBXFileReference; fileEncoding = 4; lastKnownFileType = sourcecode.cpp.cpp; path = image.cpp; sourceTree = "<group>"; };
		92E4A79E1AC4F5290052AB7F /* Vector3.h */ = {isa = PBXFileReference; lastKnownFileType = sourcecode.c.h; path = Vector3.h; sourceTree = "<group>"; };
		92E4A79F1AC4F8970052AB7F /* Ray.h */ = {isa = PBXFileReference; lastKnownFileType = sourcecode.c.h; path = Ray.h; sourceTree = "<group>"; };
		92E4A7A01AC515670052AB7F /* ONB.cpp */ = {isa = PBXFileReference; fileEncoding = 4; lastKnownFileType = sourcecode.cpp.cpp; path = ONB.cpp; sourceTree = "<group>"; };
		92E4A7A11AC515670052AB7F /* ONB.h */ = {isa = PBXFileReference; fileEncoding = 4; lastKnownFileType = sourcecode.c.h; path = ONB.h; sourceTree = "<group>"; };
		92E4A7A31AC567DD0052AB7F /* DynArray.h */ = {isa = PBXFileReference; lastKnownFileType = sourcecode.c.h; path = DynArray.h; sourceTree = "<group>"; };
/* End PBXFileReference section */

/* Begin PBXFrameworksBuildPhase section */
		92B3C8CD1ABADEAE005EA81A /* Frameworks */ = {
			isa = PBXFrameworksBuildPhase;
			buildActionMask = 2147483647;
			files = (
			);
			runOnlyForDeploymentPostprocessing = 0;
		};
/* End PBXFrameworksBuildPhase section */

/* Begin PBXGroup section */
		92B3C8C71ABADEAE005EA81A = {
			isa = PBXGroup;
			children = (
				92B3C8D21ABADEAE005EA81A /* MFSRT */,
				92B3C8D11ABADEAE005EA81A /* Products */,
			);
			sourceTree = "<group>";
		};
		92B3C8D11ABADEAE005EA81A /* Products */ = {
			isa = PBXGroup;
			children = (
				92B3C8D01ABADEAE005EA81A /* MFSRT */,
			);
			name = Products;
			sourceTree = "<group>";
		};
		92B3C8D21ABADEAE005EA81A /* MFSRT */ = {
			isa = PBXGroup;
			children = (
				92B3C8D31ABADEAE005EA81A /* main.cpp */,
				92E4A79A1AC235DD0052AB7F /* rgb.h */,
				92E4A79B1AC3522E0052AB7F /* image.h */,
				92E4A79C1AC352A40052AB7F /* image.cpp */,
				92E4A79E1AC4F5290052AB7F /* Vector3.h */,
				92E4A79F1AC4F8970052AB7F /* Ray.h */,
				92E4A7A01AC515670052AB7F /* ONB.cpp */,
				92E4A7A11AC515670052AB7F /* ONB.h */,
				92E4A7A31AC567DD0052AB7F /* DynArray.h */,
			);
			path = MFSRT;
			sourceTree = "<group>";
		};
/* End PBXGroup section */

/* Begin PBXNativeTarget section */
		92B3C8CF1ABADEAE005EA81A /* MFSRT */ = {
			isa = PBXNativeTarget;
			buildConfigurationList = 92B3C8D71ABADEAE005EA81A /* Build configuration list for PBXNativeTarget "MFSRT" */;
			buildPhases = (
				92B3C8CC1ABADEAE005EA81A /* Sources */,
				92B3C8CD1ABADEAE005EA81A /* Frameworks */,
				92B3C8CE1ABADEAE005EA81A /* CopyFiles */,
			);
			buildRules = (
			);
			dependencies = (
			);
			name = MFSRT;
			productName = MFSRT;
			productReference = 92B3C8D01ABADEAE005EA81A /* MFSRT */;
			productType = "com.apple.product-type.tool";
		};
/* End PBXNativeTarget section */

/* Begin PBXProject section */
		92B3C8C81ABADEAE005EA81A /* Project object */ = {
			isa = PBXProject;
			attributes = {
				LastUpgradeCheck = 0620;
				ORGANIZATIONNAME = "Keisuke Matsumura";
				TargetAttributes = {
					92B3C8CF1ABADEAE005EA81A = {
						CreatedOnToolsVersion = 6.2;
					};
				};
			};
			buildConfigurationList = 92B3C8CB1ABADEAE005EA81A /* Build configuration list for PBXProject "MFSRT" */;
			compatibilityVersion = "Xcode 3.2";
			developmentRegion = English;
			hasScannedForEncodings = 0;
			knownRegions = (
				en,
			);
			mainGroup = 92B3C8C71ABADEAE005EA81A;
			productRefGroup = 92B3C8D11ABADEAE005EA81A /* Products */;
			projectDirPath = "";
			projectRoot = "";
			targets = (
				92B3C8CF1ABADEAE005EA81A /* MFSRT */,
			);
		};
/* End PBXProject section */

/* Begin PBXSourcesBuildPhase section */
		92B3C8CC1ABADEAE005EA81A /* Sources */ = {
			isa = PBXSourcesBuildPhase;
			buildActionMask = 2147483647;
			files = (
				92E4A7A21AC515670052AB7F /* ONB.cpp in Sources */,
				92B3C8D41ABADEAE005EA81A /* main.cpp in Sources */,
				92E4A79D1AC352A40052AB7F /* image.cpp in Sources */,
			);
			runOnlyForDeploymentPostprocessing = 0;
		};
/* End PBXSourcesBuildPhase section */

/* Begin XCBuildConfiguration section */
		92B3C8D51ABADEAE005EA81A /* Debug */ = {
			isa = XCBuildConfiguration;
			buildSettings = {
				ALWAYS_SEARCH_USER_PATHS = NO;
				CLANG_CXX_LANGUAGE_STANDARD = "gnu++0x";
				CLANG_CXX_LIBRARY = "libc++";
				CLANG_ENABLE_MODULES = YES;
				CLANG_ENABLE_OBJC_ARC = YES;
				CLANG_WARN_BOOL_CONVERSION = YES;
				CLANG_WARN_CONSTANT_CONVERSION = YES;
				CLANG_WARN_DIRECT_OBJC_ISA_USAGE = YES_ERROR;
				CLANG_WARN_EMPTY_BODY = YES;
				CLANG_WARN_ENUM_CONVERSION = YES;
				CLANG_WARN_INT_CONVERSION = YES;
				CLANG_WARN_OBJC_ROOT_CLASS = YES_ERROR;
				CLANG_WARN_UNREACHABLE_CODE = YES;
				CLANG_WARN__DUPLICATE_METHOD_MATCH = YES;
				COPY_PHASE_STRIP = NO;
				ENABLE_STRICT_OBJC_MSGSEND = YES;
				GCC_C_LANGUAGE_STANDARD = gnu99;
				GCC_DYNAMIC_NO_PIC = NO;
				GCC_OPTIMIZATION_LEVEL = 0;
				GCC_PREPROCESSOR_DEFINITIONS = (
					"DEBUG=1",
					"$(inherited)",
				);
				GCC_SYMBOLS_PRIVATE_EXTERN = NO;
				GCC_WARN_64_TO_32_BIT_CONVERSION = YES;
				GCC_WARN_ABOUT_RETURN_TYPE = YES_ERROR;
				GCC_WARN_UNDECLARED_SELECTOR = YES;
				GCC_WARN_UNINITIALIZED_AUTOS = YES_AGGRESSIVE;
				GCC_WARN_UNUSED_FUNCTION = YES;
				GCC_WARN_UNUSED_VARIABLE = YES;
				MACOSX_DEPLOYMENT_TARGET = 10.10;
				MTL_ENABLE_DEBUG_INFO = YES;
				ONLY_ACTIVE_ARCH = YES;
				SDKROOT = macosx;
			};
			name = Debug;
		};
		92B3C8D61ABADEAE005EA81A /* Release */ = {
			isa = XCBuildConfiguration;
			buildSettings = {
				ALWAYS_SEARCH_USER_PATHS = NO;
				CLANG_CXX_LANGUAGE_STANDARD = "gnu++0x";
				CLANG_CXX_LIBRARY = "libc++";
				CLANG_ENABLE_MODULES = YES;
				CLANG_ENABLE_OBJC_ARC = YES;
				CLANG_WARN_BOOL_CONVERSION = YES;
				CLANG_WARN_CONSTANT_CONVERSION = YES;
				CLANG_WARN_DIRECT_OBJC_ISA_USAGE = YES_ERROR;
				CLANG_WARN_EMPTY_BODY = YES;
				CLANG_WARN_ENUM_CONVERSION = YES;
				CLANG_WARN_INT_CONVERSION = YES;
				CLANG_WARN_OBJC_ROOT_CLASS = YES_ERROR;
				CLANG_WARN_UNREACHABLE_CODE = YES;
				CLANG_WARN__DUPLICATE_METHOD_MATCH = YES;
				COPY_PHASE_STRIP = NO;
				DEBUG_INFORMATION_FORMAT = "dwarf-with-dsym";
				ENABLE_NS_ASSERTIONS = NO;
				ENABLE_STRICT_OBJC_MSGSEND = YES;
				GCC_C_LANGUAGE_STANDARD = gnu99;
				GCC_WARN_64_TO_32_BIT_CONVERSION = YES;
				GCC_WARN_ABOUT_RETURN_TYPE = YES_ERROR;
				GCC_WARN_UNDECLARED_SELECTOR = YES;
				GCC_WARN_UNINITIALIZED_AUTOS = YES_AGGRESSIVE;
				GCC_WARN_UNUSED_FUNCTION = YES;
				GCC_WARN_UNUSED_VARIABLE = YES;
				MACOSX_DEPLOYMENT_TARGET = 10.10;
				MTL_ENABLE_DEBUG_INFO = NO;
				SDKROOT = macosx;
			};
			name = Release;
		};
		92B3C8D81ABADEAE005EA81A /* Debug */ = {
			isa = XCBuildConfiguration;
			buildSettings = {
				PRODUCT_NAME = "$(TARGET_NAME)";
			};
			name = Debug;
		};
		92B3C8D91ABADEAE005EA81A /* Release */ = {
			isa = XCBuildConfiguration;
			buildSettings = {
				PRODUCT_NAME = "$(TARGET_NAME)";
			};
			name = Release;
		};
/* End XCBuildConfiguration section */

/* Begin XCConfigurationList section */
		92B3C8CB1ABADEAE005EA81A /* Build configuration list for PBXProject "MFSRT" */ = {
			isa = XCConfigurationList;
			buildConfigurations = (
				92B3C8D51ABADEAE005EA81A /* Debug */,
				92B3C8D61ABADEAE005EA81A /* Release */,
			);
			defaultConfigurationIsVisible = 0;
			defaultConfigurationName = Release;
		};
		92B3C8D71ABADEAE005EA81A /* Build configuration list for PBXNativeTarget "MFSRT" */ = {
			isa = XCConfigurationList;
			buildConfigurations = (
				92B3C8D81ABADEAE005EA81A /* Debug */,
				92B3C8D91ABADEAE005EA81A /* Release */,
			);
			defaultConfigurationIsVisible = 0;
			defaultConfigurationName = Release;
		};
/* End XCConfigurationList section */
	};
	rootObject = 92B3C8C81ABADEAE005EA81A /* Project object */;
}
